
Microsoft Visual Studio Solution File, Format Version 11.00
# Visual Studio 2010
# SharpDevelop 4.3
Project("{FAE04EC0-301F-11D3-BF4B-00C04F79EFBC}") = "Practica7", "Practica7\Practica7.csproj", "{21BC7DBB-DC4A-4F13-84F7-A71BA6AF12D9}"
EndProject
Global
	GlobalSection(SolutionConfigurationPlatforms) = preSolution
		Debug|Any CPU = Debug|Any CPU
		Release|Any CPU = Release|Any CPU
	EndGlobalSection
	GlobalSection(ProjectConfigurationPlatforms) = postSolution
		{21BC7DBB-DC4A-4F13-84F7-A71BA6AF12D9}.Debug|Any CPU.Build.0 = Debug|Any CPU
		{21BC7DBB-DC4A-4F13-84F7-A71BA6AF12D9}.Debug|Any CPU.ActiveCfg = Debug|Any CPU
		{21BC7DBB-DC4A-4F13-84F7-A71BA6AF12D9}.Release|Any CPU.Build.0 = Release|Any CPU
		{21BC7DBB-DC4A-4F13-84F7-A71BA6AF12D9}.Release|Any CPU.ActiveCfg = Release|Any CPU
	EndGlobalSection
EndGlobal
